
Microsoft Visual Studio Solution File, Format Version 12.00
# Visual Studio 2012
Project("{FAE04EC0-301F-11D3-BF4B-00C04F79EFBC}") = "MDXBuilderLibrary", "MDXBuilderLibrary\MDXBuilderLibrary.csproj", "{E052AF29-8CF5-45AC-B22F-6E7B7539AF94}"
EndProject
Project("{FAE04EC0-301F-11D3-BF4B-00C04F79EFBC}") = "MDXBuilderTest", "MDXBuilderTest\MDXBuilderTest.csproj", "{3A2D9DBC-6A4D-4E1B-A1F2-48303E856731}"
	ProjectSection(ProjectDependencies) = postProject
		{E052AF29-8CF5-45AC-B22F-6E7B7539AF94} = {E052AF29-8CF5-45AC-B22F-6E7B7539AF94}
	EndProjectSection
EndProject
Global
	GlobalSection(TeamFoundationVersionControl) = preSolution
		SccNumberOfProjects = 2
		SccEnterpriseProvider = {4CA58AB2-18FA-4F8D-95D4-32DDF27D184C}
		SccTeamFoundationServer = 
		SccLocalPath0 = .
		SccProjectUniqueName1 = MDXBuilderLibrary\\MDXBuilderLibrary.csproj
		SccProjectName1 = MDXBuilderLibrary
		SccLocalPath1 = MDXBuilderLibrary
		SccProjectUniqueName2 = MDXBuilderTest\\MDXBuilderTest.csproj
		SccProjectName2 = MDXBuilderTest
		SccLocalPath2 = MDXBuilderTest
	EndGlobalSection
	GlobalSection(SolutionConfigurationPlatforms) = preSolution
		Debug|Any CPU = Debug|Any CPU
		Debug|x64 = Debug|x64
		Release.PROD|Any CPU = Release.PROD|Any CPU
		Release.PROD|x64 = Release.PROD|x64
		Release.QUA|Any CPU = Release.QUA|Any CPU
		Release.QUA|x64 = Release.QUA|x64
		Release.SapPBaseD|Any CPU = Release.SapPBaseD|Any CPU
		Release.SapPBaseD|x64 = Release.SapPBaseD|x64
		Release|Any CPU = Release|Any CPU
		Release|x64 = Release|x64
	EndGlobalSection
	GlobalSection(ProjectConfigurationPlatforms) = postSolution
		{2345E93D-4AE2-4A4B-AD0F-4AC43A04B484}.Debug|Any CPU.ActiveCfg = Debug|Any CPU
		{2345E93D-4AE2-4A4B-AD0F-4AC43A04B484}.Debug|Any CPU.Build.0 = Debug|Any CPU
		{2345E93D-4AE2-4A4B-AD0F-4AC43A04B484}.Debug|x64.ActiveCfg = Debug|Any CPU
		{2345E93D-4AE2-4A4B-AD0F-4AC43A04B484}.Release.PROD|Any CPU.ActiveCfg = Release|Any CPU
		{2345E93D-4AE2-4A4B-AD0F-4AC43A04B484}.Release.PROD|x64.ActiveCfg = Release|Any CPU
		{2345E93D-4AE2-4A4B-AD0F-4AC43A04B484}.Release.QUA|Any CPU.ActiveCfg = Release|Any CPU
		{2345E93D-4AE2-4A4B-AD0F-4AC43A04B484}.Release.QUA|x64.ActiveCfg = Release|Any CPU
		{2345E93D-4AE2-4A4B-AD0F-4AC43A04B484}.Release.SapPBaseD|Any CPU.ActiveCfg = Release|Any CPU
		{2345E93D-4AE2-4A4B-AD0F-4AC43A04B484}.Release.SapPBaseD|x64.ActiveCfg = Release|Any CPU
		{2345E93D-4AE2-4A4B-AD0F-4AC43A04B484}.Release|Any CPU.ActiveCfg = Release|Any CPU
		{2345E93D-4AE2-4A4B-AD0F-4AC43A04B484}.Release|Any CPU.Build.0 = Release|Any CPU
		{2345E93D-4AE2-4A4B-AD0F-4AC43A04B484}.Release|x64.ActiveCfg = Release|Any CPU
		{9B0CB403-3996-47B2-8B1F-074464D7D25C}.Debug|Any CPU.ActiveCfg = Debug|Any CPU
		{9B0CB403-3996-47B2-8B1F-074464D7D25C}.Debug|Any CPU.Build.0 = Debug|Any CPU
		{9B0CB403-3996-47B2-8B1F-074464D7D25C}.Debug|x64.ActiveCfg = Debug|x64
		{9B0CB403-3996-47B2-8B1F-074464D7D25C}.Debug|x64.Build.0 = Debug|x64
		{9B0CB403-3996-47B2-8B1F-074464D7D25C}.Release.PROD|Any CPU.ActiveCfg = Release.PROD|Any CPU
		{9B0CB403-3996-47B2-8B1F-074464D7D25C}.Release.PROD|Any CPU.Build.0 = Release.PROD|Any CPU
		{9B0CB403-3996-47B2-8B1F-074464D7D25C}.Release.PROD|x64.ActiveCfg = Release.PROD|x64
		{9B0CB403-3996-47B2-8B1F-074464D7D25C}.Release.PROD|x64.Build.0 = Release.PROD|x64
		{9B0CB403-3996-47B2-8B1F-074464D7D25C}.Release.QUA|Any CPU.ActiveCfg = Release.QUA|Any CPU
		{9B0CB403-3996-47B2-8B1F-074464D7D25C}.Release.QUA|Any CPU.Build.0 = Release.QUA|Any CPU
		{9B0CB403-3996-47B2-8B1F-074464D7D25C}.Release.QUA|x64.ActiveCfg = Release.QUA|x64
		{9B0CB403-3996-47B2-8B1F-074464D7D25C}.Release.QUA|x64.Build.0 = Release.QUA|x64
		{9B0CB403-3996-47B2-8B1F-074464D7D25C}.Release.SapPBaseD|Any CPU.ActiveCfg = Release.QUA|Any CPU
		{9B0CB403-3996-47B2-8B1F-074464D7D25C}.Release.SapPBaseD|Any CPU.Build.0 = Release.QUA|Any CPU
		{9B0CB403-3996-47B2-8B1F-074464D7D25C}.Release.SapPBaseD|x64.ActiveCfg = Release.QUA|x64
		{9B0CB403-3996-47B2-8B1F-074464D7D25C}.Release.SapPBaseD|x64.Build.0 = Release.QUA|x64
		{9B0CB403-3996-47B2-8B1F-074464D7D25C}.Release|Any CPU.ActiveCfg = Release|Any CPU
		{9B0CB403-3996-47B2-8B1F-074464D7D25C}.Release|Any CPU.Build.0 = Release|Any CPU
		{9B0CB403-3996-47B2-8B1F-074464D7D25C}.Release|x64.ActiveCfg = Release|x64
		{9B0CB403-3996-47B2-8B1F-074464D7D25C}.Release|x64.Build.0 = Release|x64
		{D728E23F-9E06-40F9-AB1D-3F31D8D8A793}.Debug|Any CPU.ActiveCfg = Debug|Any CPU
		{D728E23F-9E06-40F9-AB1D-3F31D8D8A793}.Debug|Any CPU.Build.0 = Debug|Any CPU
		{D728E23F-9E06-40F9-AB1D-3F31D8D8A793}.Debug|x64.ActiveCfg = Debug|x64
		{D728E23F-9E06-40F9-AB1D-3F31D8D8A793}.Debug|x64.Build.0 = Debug|x64
		{D728E23F-9E06-40F9-AB1D-3F31D8D8A793}.Release.PROD|Any CPU.ActiveCfg = Release.PROD|Any CPU
		{D728E23F-9E06-40F9-AB1D-3F31D8D8A793}.Release.PROD|Any CPU.Build.0 = Release.PROD|Any CPU
		{D728E23F-9E06-40F9-AB1D-3F31D8D8A793}.Release.PROD|x64.ActiveCfg = Release.PROD|x64
		{D728E23F-9E06-40F9-AB1D-3F31D8D8A793}.Release.PROD|x64.Build.0 = Release.PROD|x64
		{D728E23F-9E06-40F9-AB1D-3F31D8D8A793}.Release.QUA|Any CPU.ActiveCfg = Release.QUA|Any CPU
		{D728E23F-9E06-40F9-AB1D-3F31D8D8A793}.Release.QUA|Any CPU.Build.0 = Release.QUA|Any CPU
		{D728E23F-9E06-40F9-AB1D-3F31D8D8A793}.Release.QUA|x64.ActiveCfg = Release.QUA|x64
		{D728E23F-9E06-40F9-AB1D-3F31D8D8A793}.Release.QUA|x64.Build.0 = Release.QUA|x64
		{D728E23F-9E06-40F9-AB1D-3F31D8D8A793}.Release.SapPBaseD|Any CPU.ActiveCfg = Release.QUA|Any CPU
		{D728E23F-9E06-40F9-AB1D-3F31D8D8A793}.Release.SapPBaseD|Any CPU.Build.0 = Release.QUA|Any CPU
		{D728E23F-9E06-40F9-AB1D-3F31D8D8A793}.Release.SapPBaseD|x64.ActiveCfg = Release.QUA|x64
		{D728E23F-9E06-40F9-AB1D-3F31D8D8A793}.Release.SapPBaseD|x64.Build.0 = Release.QUA|x64
		{D728E23F-9E06-40F9-AB1D-3F31D8D8A793}.Release|Any CPU.ActiveCfg = Release|Any CPU
		{D728E23F-9E06-40F9-AB1D-3F31D8D8A793}.Release|Any CPU.Build.0 = Release|Any CPU
		{D728E23F-9E06-40F9-AB1D-3F31D8D8A793}.Release|x64.ActiveCfg = Release|x64
		{92E81E04-7AF5-4AB3-9F29-C351FBA2BAA7}.Debug|Any CPU.ActiveCfg = Debug|Any CPU
		{92E81E04-7AF5-4AB3-9F29-C351FBA2BAA7}.Debug|Any CPU.Build.0 = Debug|Any CPU
		{92E81E04-7AF5-4AB3-9F29-C351FBA2BAA7}.Debug|x64.ActiveCfg = Debug|x64
		{92E81E04-7AF5-4AB3-9F29-C351FBA2BAA7}.Debug|x64.Build.0 = Debug|x64
		{92E81E04-7AF5-4AB3-9F29-C351FBA2BAA7}.Release.PROD|Any CPU.ActiveCfg = Release.PROD|Any CPU
		{92E81E04-7AF5-4AB3-9F29-C351FBA2BAA7}.Release.PROD|Any CPU.Build.0 = Release.PROD|Any CPU
		{92E81E04-7AF5-4AB3-9F29-C351FBA2BAA7}.Release.PROD|x64.ActiveCfg = Release.PROD|x64
		{92E81E04-7AF5-4AB3-9F29-C351FBA2BAA7}.Release.PROD|x64.Build.0 = Release.PROD|x64
		{92E81E04-7AF5-4AB3-9F29-C351FBA2BAA7}.Release.QUA|Any CPU.ActiveCfg = Release.QUA|Any CPU
		{92E81E04-7AF5-4AB3-9F29-C351FBA2BAA7}.Release.QUA|Any CPU.Build.0 = Release.QUA|Any CPU
		{92E81E04-7AF5-4AB3-9F29-C351FBA2BAA7}.Release.QUA|x64.ActiveCfg = Release.QUA|x64
		{92E81E04-7AF5-4AB3-9F29-C351FBA2BAA7}.Release.QUA|x64.Build.0 = Release.QUA|x64
		{92E81E04-7AF5-4AB3-9F29-C351FBA2BAA7}.Release.SapPBaseD|Any CPU.ActiveCfg = Release.QUA|Any CPU
		{92E81E04-7AF5-4AB3-9F29-C351FBA2BAA7}.Release.SapPBaseD|Any CPU.Build.0 = Release.QUA|Any CPU
		{92E81E04-7AF5-4AB3-9F29-C351FBA2BAA7}.Release.SapPBaseD|x64.ActiveCfg = Release.QUA|x64
		{92E81E04-7AF5-4AB3-9F29-C351FBA2BAA7}.Release.SapPBaseD|x64.Build.0 = Release.QUA|x64
		{92E81E04-7AF5-4AB3-9F29-C351FBA2BAA7}.Release|Any CPU.ActiveCfg = Release|Any CPU
		{92E81E04-7AF5-4AB3-9F29-C351FBA2BAA7}.Release|Any CPU.Build.0 = Release|Any CPU
		{92E81E04-7AF5-4AB3-9F29-C351FBA2BAA7}.Release|x64.ActiveCfg = Release|x64
		{92E81E04-7AF5-4AB3-9F29-C351FBA2BAA7}.Release|x64.Build.0 = Release|x64
		{E052AF29-8CF5-45AC-B22F-6E7B7539AF94}.Debug|Any CPU.ActiveCfg = Debug|Any CPU
		{E052AF29-8CF5-45AC-B22F-6E7B7539AF94}.Debug|Any CPU.Build.0 = Debug|Any CPU
		{E052AF29-8CF5-45AC-B22F-6E7B7539AF94}.Debug|x64.ActiveCfg = Debug|Any CPU
		{E052AF29-8CF5-45AC-B22F-6E7B7539AF94}.Release.PROD|Any CPU.ActiveCfg = Release|Any CPU
		{E052AF29-8CF5-45AC-B22F-6E7B7539AF94}.Release.PROD|Any CPU.Build.0 = Release|Any CPU
		{E052AF29-8CF5-45AC-B22F-6E7B7539AF94}.Release.PROD|x64.ActiveCfg = Release|Any CPU
		{E052AF29-8CF5-45AC-B22F-6E7B7539AF94}.Release.QUA|Any CPU.ActiveCfg = Release|Any CPU
		{E052AF29-8CF5-45AC-B22F-6E7B7539AF94}.Release.QUA|Any CPU.Build.0 = Release|Any CPU
		{E052AF29-8CF5-45AC-B22F-6E7B7539AF94}.Release.QUA|x64.ActiveCfg = Release|Any CPU
		{E052AF29-8CF5-45AC-B22F-6E7B7539AF94}.Release.SapPBaseD|Any CPU.ActiveCfg = Release|Any CPU
		{E052AF29-8CF5-45AC-B22F-6E7B7539AF94}.Release.SapPBaseD|x64.ActiveCfg = Release|Any CPU
		{E052AF29-8CF5-45AC-B22F-6E7B7539AF94}.Release|Any CPU.ActiveCfg = Release|Any CPU
		{E052AF29-8CF5-45AC-B22F-6E7B7539AF94}.Release|Any CPU.Build.0 = Release|Any CPU
		{E052AF29-8CF5-45AC-B22F-6E7B7539AF94}.Release|x64.ActiveCfg = Release|Any CPU
		{3A2D9DBC-6A4D-4E1B-A1F2-48303E856731}.Debug|Any CPU.ActiveCfg = Debug|Any CPU
		{3A2D9DBC-6A4D-4E1B-A1F2-48303E856731}.Debug|Any CPU.Build.0 = Debug|Any CPU
		{3A2D9DBC-6A4D-4E1B-A1F2-48303E856731}.Debug|x64.ActiveCfg = Debug|Any CPU
		{3A2D9DBC-6A4D-4E1B-A1F2-48303E856731}.Release.PROD|Any CPU.ActiveCfg = Release|Any CPU
		{3A2D9DBC-6A4D-4E1B-A1F2-48303E856731}.Release.PROD|Any CPU.Build.0 = Release|Any CPU
		{3A2D9DBC-6A4D-4E1B-A1F2-48303E856731}.Release.PROD|x64.ActiveCfg = Release|Any CPU
		{3A2D9DBC-6A4D-4E1B-A1F2-48303E856731}.Release.QUA|Any CPU.ActiveCfg = Release|Any CPU
		{3A2D9DBC-6A4D-4E1B-A1F2-48303E856731}.Release.QUA|Any CPU.Build.0 = Release|Any CPU
		{3A2D9DBC-6A4D-4E1B-A1F2-48303E856731}.Release.QUA|x64.ActiveCfg = Release|Any CPU
		{3A2D9DBC-6A4D-4E1B-A1F2-48303E856731}.Release.SapPBaseD|Any CPU.ActiveCfg = Release|Any CPU
		{3A2D9DBC-6A4D-4E1B-A1F2-48303E856731}.Release.SapPBaseD|x64.ActiveCfg = Release|Any CPU
		{3A2D9DBC-6A4D-4E1B-A1F2-48303E856731}.Release|Any CPU.ActiveCfg = Release|Any CPU
		{3A2D9DBC-6A4D-4E1B-A1F2-48303E856731}.Release|Any CPU.Build.0 = Release|Any CPU
		{3A2D9DBC-6A4D-4E1B-A1F2-48303E856731}.Release|x64.ActiveCfg = Release|Any CPU
	EndGlobalSection
	GlobalSection(SolutionProperties) = preSolution
		HideSolutionNode = FALSE
	EndGlobalSection
EndGlobal
